
Microsoft Visual Studio Solution File, Format Version 12.00
# Visual Studio Version 17
VisualStudioVersion = 17.14.36518.9
MinimumVisualStudioVersion = 10.0.40219.1
Project("{FAE04EC0-301F-11D3-BF4B-00C04F79EFBC}") = "CulinaryBokk", "CulinaryBokk\CulinaryBokk.csproj", "{DDCE52D1-FC88-458E-9A74-52A3B02DF697}"
EndProject
Global
	GlobalSection(SolutionConfigurationPlatforms) = preSolution
		Debug|Any CPU = Debug|Any CPU
		Release|Any CPU = Release|Any CPU
	EndGlobalSection
	GlobalSection(ProjectConfigurationPlatforms) = postSolution
		{DDCE52D1-FC88-458E-9A74-52A3B02DF697}.Debug|Any CPU.ActiveCfg = Debug|Any CPU
		{DDCE52D1-FC88-458E-9A74-52A3B02DF697}.Debug|Any CPU.Build.0 = Debug|Any CPU
		{DDCE52D1-FC88-458E-9A74-52A3B02DF697}.Release|Any CPU.ActiveCfg = Release|Any CPU
		{DDCE52D1-FC88-458E-9A74-52A3B02DF697}.Release|Any CPU.Build.0 = Release|Any CPU
	EndGlobalSection
	GlobalSection(SolutionProperties) = preSolution
		HideSolutionNode = FALSE
	EndGlobalSection
	GlobalSection(ExtensibilityGlobals) = postSolution
		SolutionGuid = {66441873-0A22-470A-9C01-31E78F08AC3B}
	EndGlobalSection
EndGlobal
